// !$*UTF8*$!
{
	archiveVersion = 1;
	classes = {
	};
	objectVersion = 50;
	objects = {

/* Begin PBXBuildFile section */
		8BB632BF22C6051E00D03617 /* AppDelegate.swift in Sources */ = {isa = PBXBuildFile; fileRef = 8BB632BE22C6051E00D03617 /* AppDelegate.swift */; };
		8BB632C422C6051E00D03617 /* Main.storyboard in Resources */ = {isa = PBXBuildFile; fileRef = 8BB632C222C6051E00D03617 /* Main.storyboard */; };
		8BB632C622C6052000D03617 /* Assets.xcassets in Resources */ = {isa = PBXBuildFile; fileRef = 8BB632C522C6052000D03617 /* Assets.xcassets */; };
		8BB632C922C6052000D03617 /* LaunchScreen.storyboard in Resources */ = {isa = PBXBuildFile; fileRef = 8BB632C722C6052000D03617 /* LaunchScreen.storyboard */; };
		8BB632E422C6077E00D03617 /* FlickrImageCell.xib in Resources */ = {isa = PBXBuildFile; fileRef = 8BB632E322C6077E00D03617 /* FlickrImageCell.xib */; };
		8BB632E622C6079B00D03617 /* FlickerImageCell.swift in Sources */ = {isa = PBXBuildFile; fileRef = 8BB632E522C6079B00D03617 /* FlickerImageCell.swift */; };
		8BB632E822C6088F00D03617 /* ImageSearchController.swift in Sources */ = {isa = PBXBuildFile; fileRef = 8BB632E722C6088F00D03617 /* ImageSearchController.swift */; };
		8BB632EA22C60C0300D03617 /* API.swift in Sources */ = {isa = PBXBuildFile; fileRef = 8BB632E922C60C0300D03617 /* API.swift */; };
		8BB632EC22C60C3700D03617 /* FlickrAPI.swift in Sources */ = {isa = PBXBuildFile; fileRef = 8BB632EB22C60C3700D03617 /* FlickrAPI.swift */; };
		8BB632EE22C626E400D03617 /* FlickrPhotoModel.swift in Sources */ = {isa = PBXBuildFile; fileRef = 8BB632ED22C626E400D03617 /* FlickrPhotoModel.swift */; };
/* End PBXBuildFile section */

/* Begin PBXFileReference section */
		8BB632BB22C6051E00D03617 /* Search-Image.app */ = {isa = PBXFileReference; explicitFileType = wrapper.application; includeInIndex = 0; path = "Search-Image.app"; sourceTree = BUILT_PRODUCTS_DIR; };
		8BB632BE22C6051E00D03617 /* AppDelegate.swift */ = {isa = PBXFileReference; lastKnownFileType = sourcecode.swift; path = AppDelegate.swift; sourceTree = "<group>"; };
		8BB632C322C6051E00D03617 /* Base */ = {isa = PBXFileReference; lastKnownFileType = file.storyboard; name = Base; path = Base.lproj/Main.storyboard; sourceTree = "<group>"; };
		8BB632C522C6052000D03617 /* Assets.xcassets */ = {isa = PBXFileReference; lastKnownFileType = folder.assetcatalog; path = Assets.xcassets; sourceTree = "<group>"; };
		8BB632C822C6052000D03617 /* Base */ = {isa = PBXFileReference; lastKnownFileType = file.storyboard; name = Base; path = Base.lproj/LaunchScreen.storyboard; sourceTree = "<group>"; };
		8BB632CA22C6052000D03617 /* Info.plist */ = {isa = PBXFileReference; lastKnownFileType = text.plist.xml; path = Info.plist; sourceTree = "<group>"; };
		8BB632E322C6077E00D03617 /* FlickrImageCell.xib */ = {isa = PBXFileReference; lastKnownFileType = file.xib; path = FlickrImageCell.xib; sourceTree = "<group>"; };
		8BB632E522C6079B00D03617 /* FlickerImageCell.swift */ = {isa = PBXFileReference; lastKnownFileType = sourcecode.swift; path = FlickerImageCell.swift; sourceTree = "<group>"; };
		8BB632E722C6088F00D03617 /* ImageSearchController.swift */ = {isa = PBXFileReference; lastKnownFileType = sourcecode.swift; path = ImageSearchController.swift; sourceTree = "<group>"; };
		8BB632E922C60C0300D03617 /* API.swift */ = {isa = PBXFileReference; lastKnownFileType = sourcecode.swift; path = API.swift; sourceTree = "<group>"; };
		8BB632EB22C60C3700D03617 /* FlickrAPI.swift */ = {isa = PBXFileReference; lastKnownFileType = sourcecode.swift; path = FlickrAPI.swift; sourceTree = "<group>"; };
		8BB632ED22C626E400D03617 /* FlickrPhotoModel.swift */ = {isa = PBXFileReference; lastKnownFileType = sourcecode.swift; path = FlickrPhotoModel.swift; sourceTree = "<group>"; };
/* End PBXFileReference section */

/* Begin PBXFrameworksBuildPhase section */
		8BB632B822C6051E00D03617 /* Frameworks */ = {
			isa = PBXFrameworksBuildPhase;
			buildActionMask = 2147483647;
			files = (
			);
			runOnlyForDeploymentPostprocessing = 0;
		};
/* End PBXFrameworksBuildPhase section */

/* Begin PBXGroup section */
		8BB632B222C6051E00D03617 = {
			isa = PBXGroup;
			children = (
				8BB632BD22C6051E00D03617 /* Search-Image */,
				8BB632BC22C6051E00D03617 /* Products */,
			);
			sourceTree = "<group>";
		};
		8BB632BC22C6051E00D03617 /* Products */ = {
			isa = PBXGroup;
			children = (
				8BB632BB22C6051E00D03617 /* Search-Image.app */,
			);
			name = Products;
			sourceTree = "<group>";
		};
		8BB632BD22C6051E00D03617 /* Search-Image */ = {
			isa = PBXGroup;
			children = (
				8BB632CA22C6052000D03617 /* Info.plist */,
				8BB632DC22C606FA00D03617 /* Delegate */,
				8BB632D922C606F900D03617 /* Models */,
				8BB632D822C606F900D03617 /* Resources */,
				8BB632E122C606FA00D03617 /* Storyboards */,
				8BB632DD22C606FA00D03617 /* Supporting Files */,
				8BB632DA22C606FA00D03617 /* Utility */,
				8BB632DE22C606FA00D03617 /* ViewControllers */,
				8BB632E022C606FA00D03617 /* Views */,
			);
			path = "Search-Image";
			sourceTree = "<group>";
		};
		8BB632D822C606F900D03617 /* Resources */ = {
			isa = PBXGroup;
			children = (
				8BB632C522C6052000D03617 /* Assets.xcassets */,
			);
			path = Resources;
			sourceTree = "<group>";
		};
		8BB632D922C606F900D03617 /* Models */ = {
			isa = PBXGroup;
			children = (
				8BB632ED22C626E400D03617 /* FlickrPhotoModel.swift */,
			);
			path = Models;
			sourceTree = "<group>";
		};
		8BB632DA22C606FA00D03617 /* Utility */ = {
			isa = PBXGroup;
			children = (
				8BB632DB22C606FA00D03617 /* API */,
			);
			path = Utility;
			sourceTree = "<group>";
		};
		8BB632DB22C606FA00D03617 /* API */ = {
			isa = PBXGroup;
			children = (
				8BB632E922C60C0300D03617 /* API.swift */,
				8BB632EB22C60C3700D03617 /* FlickrAPI.swift */,
			);
			path = API;
			sourceTree = "<group>";
		};
		8BB632DC22C606FA00D03617 /* Delegate */ = {
			isa = PBXGroup;
			children = (
				8BB632BE22C6051E00D03617 /* AppDelegate.swift */,
			);
			path = Delegate;
			sourceTree = "<group>";
		};
		8BB632DD22C606FA00D03617 /* Supporting Files */ = {
			isa = PBXGroup;
			children = (
			);
			path = "Supporting Files";
			sourceTree = "<group>";
		};
		8BB632DE22C606FA00D03617 /* ViewControllers */ = {
			isa = PBXGroup;
			children = (
				8BB632DF22C606FA00D03617 /* ViewModels */,
				8BB632E722C6088F00D03617 /* ImageSearchController.swift */,
			);
			path = ViewControllers;
			sourceTree = "<group>";
		};
		8BB632DF22C606FA00D03617 /* ViewModels */ = {
			isa = PBXGroup;
			children = (
			);
			path = ViewModels;
			sourceTree = "<group>";
		};
		8BB632E022C606FA00D03617 /* Views */ = {
			isa = PBXGroup;
			children = (
				8BB632E222C6076600D03617 /* Cell */,
			);
			path = Views;
			sourceTree = "<group>";
		};
		8BB632E122C606FA00D03617 /* Storyboards */ = {
			isa = PBXGroup;
			children = (
				8BB632C222C6051E00D03617 /* Main.storyboard */,
				8BB632C722C6052000D03617 /* LaunchScreen.storyboard */,
			);
			path = Storyboards;
			sourceTree = "<group>";
		};
		8BB632E222C6076600D03617 /* Cell */ = {
			isa = PBXGroup;
			children = (
				8BB632E322C6077E00D03617 /* FlickrImageCell.xib */,
				8BB632E522C6079B00D03617 /* FlickerImageCell.swift */,
			);
			path = Cell;
			sourceTree = "<group>";
		};
/* End PBXGroup section */

/* Begin PBXNativeTarget section */
		8BB632BA22C6051E00D03617 /* Search-Image */ = {
			isa = PBXNativeTarget;
			buildConfigurationList = 8BB632CD22C6052000D03617 /* Build configuration list for PBXNativeTarget "Search-Image" */;
			buildPhases = (
				8BB632B722C6051E00D03617 /* Sources */,
				8BB632B822C6051E00D03617 /* Frameworks */,
				8BB632B922C6051E00D03617 /* Resources */,
			);
			buildRules = (
			);
			dependencies = (
			);
			name = "Search-Image";
			productName = "Search-Image";
			productReference = 8BB632BB22C6051E00D03617 /* Search-Image.app */;
			productType = "com.apple.product-type.application";
		};
/* End PBXNativeTarget section */

/* Begin PBXProject section */
		8BB632B322C6051E00D03617 /* Project object */ = {
			isa = PBXProject;
			attributes = {
				LastSwiftUpdateCheck = 1010;
				LastUpgradeCheck = 1010;
				ORGANIZATIONNAME = "Varun Rathi";
				TargetAttributes = {
					8BB632BA22C6051E00D03617 = {
						CreatedOnToolsVersion = 10.1;
					};
				};
			};
			buildConfigurationList = 8BB632B622C6051E00D03617 /* Build configuration list for PBXProject "Search-Image" */;
			compatibilityVersion = "Xcode 9.3";
			developmentRegion = en;
			hasScannedForEncodings = 0;
			knownRegions = (
				en,
				Base,
			);
			mainGroup = 8BB632B222C6051E00D03617;
			productRefGroup = 8BB632BC22C6051E00D03617 /* Products */;
			projectDirPath = "";
			projectRoot = "";
			targets = (
				8BB632BA22C6051E00D03617 /* Search-Image */,
			);
		};
/* End PBXProject section */

/* Begin PBXResourcesBuildPhase section */
		8BB632B922C6051E00D03617 /* Resources */ = {
			isa = PBXResourcesBuildPhase;
			buildActionMask = 2147483647;
			files = (
				8BB632C922C6052000D03617 /* LaunchScreen.storyboard in Resources */,
				8BB632C622C6052000D03617 /* Assets.xcassets in Resources */,
				8BB632E422C6077E00D03617 /* FlickrImageCell.xib in Resources */,
				8BB632C422C6051E00D03617 /* Main.storyboard in Resources */,
			);
			runOnlyForDeploymentPostprocessing = 0;
		};
/* End PBXResourcesBuildPhase section */

/* Begin PBXSourcesBuildPhase section */
		8BB632B722C6051E00D03617 /* Sources */ = {
			isa = PBXSourcesBuildPhase;
			buildActionMask = 2147483647;
			files = (
				8BB632E822C6088F00D03617 /* ImageSearchController.swift in Sources */,
				8BB632E622C6079B00D03617 /* FlickerImageCell.swift in Sources */,
				8BB632EA22C60C0300D03617 /* API.swift in Sources */,
				8BB632BF22C6051E00D03617 /* AppDelegate.swift in Sources */,
				8BB632EC22C60C3700D03617 /* FlickrAPI.swift in Sources */,
				8BB632EE22C626E400D03617 /* FlickrPhotoModel.swift in Sources */,
			);
			runOnlyForDeploymentPostprocessing = 0;
		};
/* End PBXSourcesBuildPhase section */

/* Begin PBXVariantGroup section */
		8BB632C222C6051E00D03617 /* Main.storyboard */ = {
			isa = PBXVariantGroup;
			children = (
				8BB632C322C6051E00D03617 /* Base */,
			);
			name = Main.storyboard;
			sourceTree = "<group>";
		};
		8BB632C722C6052000D03617 /* LaunchScreen.storyboard */ = {
			isa = PBXVariantGroup;
			children = (
				8BB632C822C6052000D03617 /* Base */,
			);
			name = LaunchScreen.storyboard;
			sourceTree = "<group>";
		};
/* End PBXVariantGroup section */

/* Begin XCBuildConfiguration section */
		8BB632CB22C6052000D03617 /* Debug */ = {
			isa = XCBuildConfiguration;
			buildSettings = {
				ALWAYS_SEARCH_USER_PATHS = NO;
				CLANG_ANALYZER_NONNULL = YES;
				CLANG_ANALYZER_NUMBER_OBJECT_CONVERSION = YES_AGGRESSIVE;
				CLANG_CXX_LANGUAGE_STANDARD = "gnu++14";
				CLANG_CXX_LIBRARY = "libc++";
				CLANG_ENABLE_MODULES = YES;
				CLANG_ENABLE_OBJC_ARC = YES;
				CLANG_ENABLE_OBJC_WEAK = YES;
				CLANG_WARN_BLOCK_CAPTURE_AUTORELEASING = YES;
				CLANG_WARN_BOOL_CONVERSION = YES;
				CLANG_WARN_COMMA = YES;
				CLANG_WARN_CONSTANT_CONVERSION = YES;
				CLANG_WARN_DEPRECATED_OBJC_IMPLEMENTATIONS = YES;
				CLANG_WARN_DIRECT_OBJC_ISA_USAGE = YES_ERROR;
				CLANG_WARN_DOCUMENTATION_COMMENTS = YES;
				CLANG_WARN_EMPTY_BODY = YES;
				CLANG_WARN_ENUM_CONVERSION = YES;
				CLANG_WARN_INFINITE_RECURSION = YES;
				CLANG_WARN_INT_CONVERSION = YES;
				CLANG_WARN_NON_LITERAL_NULL_CONVERSION = YES;
				CLANG_WARN_OBJC_IMPLICIT_RETAIN_SELF = YES;
				CLANG_WARN_OBJC_LITERAL_CONVERSION = YES;
				CLANG_WARN_OBJC_ROOT_CLASS = YES_ERROR;
				CLANG_WARN_RANGE_LOOP_ANALYSIS = YES;
				CLANG_WARN_STRICT_PROTOTYPES = YES;
				CLANG_WARN_SUSPICIOUS_MOVE = YES;
				CLANG_WARN_UNGUARDED_AVAILABILITY = YES_AGGRESSIVE;
				CLANG_WARN_UNREACHABLE_CODE = YES;
				CLANG_WARN__DUPLICATE_METHOD_MATCH = YES;
				CODE_SIGN_IDENTITY = "iPhone Developer";
				COPY_PHASE_STRIP = NO;
				DEBUG_INFORMATION_FORMAT = dwarf;
				ENABLE_STRICT_OBJC_MSGSEND = YES;
				ENABLE_TESTABILITY = YES;
				GCC_C_LANGUAGE_STANDARD = gnu11;
				GCC_DYNAMIC_NO_PIC = NO;
				GCC_NO_COMMON_BLOCKS = YES;
				GCC_OPTIMIZATION_LEVEL = 0;
				GCC_PREPROCESSOR_DEFINITIONS = (
					"DEBUG=1",
					"$(inherited)",
				);
				GCC_WARN_64_TO_32_BIT_CONVERSION = YES;
				GCC_WARN_ABOUT_RETURN_TYPE = YES_ERROR;
				GCC_WARN_UNDECLARED_SELECTOR = YES;
				GCC_WARN_UNINITIALIZED_AUTOS = YES_AGGRESSIVE;
				GCC_WARN_UNUSED_FUNCTION = YES;
				GCC_WARN_UNUSED_VARIABLE = YES;
				IPHONEOS_DEPLOYMENT_TARGET = 12.1;
				MTL_ENABLE_DEBUG_INFO = INCLUDE_SOURCE;
				MTL_FAST_MATH = YES;
				ONLY_ACTIVE_ARCH = YES;
				SDKROOT = iphoneos;
				SWIFT_ACTIVE_COMPILATION_CONDITIONS = DEBUG;
				SWIFT_OPTIMIZATION_LEVEL = "-Onone";
			};
			name = Debug;
		};
		8BB632CC22C6052000D03617 /* Release */ = {
			isa = XCBuildConfiguration;
			buildSettings = {
				ALWAYS_SEARCH_USER_PATHS = NO;
				CLANG_ANALYZER_NONNULL = YES;
				CLANG_ANALYZER_NUMBER_OBJECT_CONVERSION = YES_AGGRESSIVE;
				CLANG_CXX_LANGUAGE_STANDARD = "gnu++14";
				CLANG_CXX_LIBRARY = "libc++";
				CLANG_ENABLE_MODULES = YES;
				CLANG_ENABLE_OBJC_ARC = YES;
				CLANG_ENABLE_OBJC_WEAK = YES;
				CLANG_WARN_BLOCK_CAPTURE_AUTORELEASING = YES;
				CLANG_WARN_BOOL_CONVERSION = YES;
				CLANG_WARN_COMMA = YES;
				CLANG_WARN_CONSTANT_CONVERSION = YES;
				CLANG_WARN_DEPRECATED_OBJC_IMPLEMENTATIONS = YES;
				CLANG_WARN_DIRECT_OBJC_ISA_USAGE = YES_ERROR;
				CLANG_WARN_DOCUMENTATION_COMMENTS = YES;
				CLANG_WARN_EMPTY_BODY = YES;
				CLANG_WARN_ENUM_CONVERSION = YES;
				CLANG_WARN_INFINITE_RECURSION = YES;
				CLANG_WARN_INT_CONVERSION = YES;
				CLANG_WARN_NON_LITERAL_NULL_CONVERSION = YES;
				CLANG_WARN_OBJC_IMPLICIT_RETAIN_SELF = YES;
				CLANG_WARN_OBJC_LITERAL_CONVERSION = YES;
				CLANG_WARN_OBJC_ROOT_CLASS = YES_ERROR;
				CLANG_WARN_RANGE_LOOP_ANALYSIS = YES;
				CLANG_WARN_STRICT_PROTOTYPES = YES;
				CLANG_WARN_SUSPICIOUS_MOVE = YES;
				CLANG_WARN_UNGUARDED_AVAILABILITY = YES_AGGRESSIVE;
				CLANG_WARN_UNREACHABLE_CODE = YES;
				CLANG_WARN__DUPLICATE_METHOD_MATCH = YES;
				CODE_SIGN_IDENTITY = "iPhone Developer";
				COPY_PHASE_STRIP = NO;
				DEBUG_INFORMATION_FORMAT = "dwarf-with-dsym";
				ENABLE_NS_ASSERTIONS = NO;
				ENABLE_STRICT_OBJC_MSGSEND = YES;
				GCC_C_LANGUAGE_STANDARD = gnu11;
				GCC_NO_COMMON_BLOCKS = YES;
				GCC_WARN_64_TO_32_BIT_CONVERSION = YES;
				GCC_WARN_ABOUT_RETURN_TYPE = YES_ERROR;
				GCC_WARN_UNDECLARED_SELECTOR = YES;
				GCC_WARN_UNINITIALIZED_AUTOS = YES_AGGRESSIVE;
				GCC_WARN_UNUSED_FUNCTION = YES;
				GCC_WARN_UNUSED_VARIABLE = YES;
				IPHONEOS_DEPLOYMENT_TARGET = 12.1;
				MTL_ENABLE_DEBUG_INFO = NO;
				MTL_FAST_MATH = YES;
				SDKROOT = iphoneos;
				SWIFT_COMPILATION_MODE = wholemodule;
				SWIFT_OPTIMIZATION_LEVEL = "-O";
				VALIDATE_PRODUCT = YES;
			};
			name = Release;
		};
		8BB632CE22C6052000D03617 /* Debug */ = {
			isa = XCBuildConfiguration;
			buildSettings = {
				ASSETCATALOG_COMPILER_APPICON_NAME = AppIcon;
				CODE_SIGN_STYLE = Automatic;
				INFOPLIST_FILE = "Search-Image/Info.plist";
				LD_RUNPATH_SEARCH_PATHS = (
					"$(inherited)",
					"@executable_path/Frameworks",
				);
				PRODUCT_BUNDLE_IDENTIFIER = "com.vrat28.Search-Image";
				PRODUCT_NAME = "$(TARGET_NAME)";
				SWIFT_VERSION = 4.2;
				TARGETED_DEVICE_FAMILY = "1,2";
			};
			name = Debug;
		};
		8BB632CF22C6052000D03617 /* Release */ = {
			isa = XCBuildConfiguration;
			buildSettings = {
				ASSETCATALOG_COMPILER_APPICON_NAME = AppIcon;
				CODE_SIGN_STYLE = Automatic;
				INFOPLIST_FILE = "Search-Image/Info.plist";
				LD_RUNPATH_SEARCH_PATHS = (
					"$(inherited)",
					"@executable_path/Frameworks",
				);
				PRODUCT_BUNDLE_IDENTIFIER = "com.vrat28.Search-Image";
				PRODUCT_NAME = "$(TARGET_NAME)";
				SWIFT_VERSION = 4.2;
				TARGETED_DEVICE_FAMILY = "1,2";
			};
			name = Release;
		};
/* End XCBuildConfiguration section */

/* Begin XCConfigurationList section */
		8BB632B622C6051E00D03617 /* Build configuration list for PBXProject "Search-Image" */ = {
			isa = XCConfigurationList;
			buildConfigurations = (
				8BB632CB22C6052000D03617 /* Debug */,
				8BB632CC22C6052000D03617 /* Release */,
			);
			defaultConfigurationIsVisible = 0;
			defaultConfigurationName = Release;
		};
		8BB632CD22C6052000D03617 /* Build configuration list for PBXNativeTarget "Search-Image" */ = {
			isa = XCConfigurationList;
			buildConfigurations = (
				8BB632CE22C6052000D03617 /* Debug */,
				8BB632CF22C6052000D03617 /* Release */,
			);
			defaultConfigurationIsVisible = 0;
			defaultConfigurationName = Release;
		};
/* End XCConfigurationList section */
	};
	rootObject = 8BB632B322C6051E00D03617 /* Project object */;
}
